
Microsoft Visual Studio Solution File, Format Version 12.00
# Visual Studio Version 17
VisualStudioVersion = 17.13.35828.75 d17.13
MinimumVisualStudioVersion = 10.0.40219.1
Project("{54A90642-561A-4BB1-A94E-469ADEE60C69}") = "mtg-tally.client", "mtg-tally.client\mtg-tally.client.esproj", "{C4C2E8E7-6143-D0BE-5249-932A61F838C2}"
EndProject
Project("{FAE04EC0-301F-11D3-BF4B-00C04F79EFBC}") = "mtg-tally.Server", "mtg-tally.Server\mtg-tally.Server.csproj", "{31E44A19-203C-4DF8-B1F8-2173F73F4A21}"
EndProject
Global
	GlobalSection(SolutionConfigurationPlatforms) = preSolution
		Debug|Any CPU = Debug|Any CPU
		Release|Any CPU = Release|Any CPU
	EndGlobalSection
	GlobalSection(ProjectConfigurationPlatforms) = postSolution
		{C4C2E8E7-6143-D0BE-5249-932A61F838C2}.Debug|Any CPU.ActiveCfg = Debug|Any CPU
		{C4C2E8E7-6143-D0BE-5249-932A61F838C2}.Debug|Any CPU.Build.0 = Debug|Any CPU
		{C4C2E8E7-6143-D0BE-5249-932A61F838C2}.Debug|Any CPU.Deploy.0 = Debug|Any CPU
		{C4C2E8E7-6143-D0BE-5249-932A61F838C2}.Release|Any CPU.ActiveCfg = Release|Any CPU
		{C4C2E8E7-6143-D0BE-5249-932A61F838C2}.Release|Any CPU.Build.0 = Release|Any CPU
		{C4C2E8E7-6143-D0BE-5249-932A61F838C2}.Release|Any CPU.Deploy.0 = Release|Any CPU
		{31E44A19-203C-4DF8-B1F8-2173F73F4A21}.Debug|Any CPU.ActiveCfg = Debug|Any CPU
		{31E44A19-203C-4DF8-B1F8-2173F73F4A21}.Debug|Any CPU.Build.0 = Debug|Any CPU
		{31E44A19-203C-4DF8-B1F8-2173F73F4A21}.Release|Any CPU.ActiveCfg = Release|Any CPU
		{31E44A19-203C-4DF8-B1F8-2173F73F4A21}.Release|Any CPU.Build.0 = Release|Any CPU
	EndGlobalSection
	GlobalSection(SolutionProperties) = preSolution
		HideSolutionNode = FALSE
	EndGlobalSection
	GlobalSection(ExtensibilityGlobals) = postSolution
		SolutionGuid = {2D7CCFAB-FB59-4412-BB4B-359FB4F9C56C}
	EndGlobalSection
EndGlobal
